
Microsoft Visual Studio Solution File, Format Version 12.00
# Visual Studio Version 16
VisualStudioVersion = 16.0.29409.12
MinimumVisualStudioVersion = 10.0.40219.1
Project("{9A19103F-16F7-4668-BE54-9A1E7A4F7556}") = "ToDoBot", "ToDoBot\ToDoBot.csproj", "{8318CC22-7014-44C5-89D7-16050BC2F2EE}"
EndProject
Project("{9A19103F-16F7-4668-BE54-9A1E7A4F7556}") = "BotTimerFunction", "BotTimerFunction\BotTimerFunction.csproj", "{21B2DAF6-599D-4F55-8AE6-6034396D60BC}"
EndProject
Global
	GlobalSection(SolutionConfigurationPlatforms) = preSolution
		Debug|Any CPU = Debug|Any CPU
		Release|Any CPU = Release|Any CPU
	EndGlobalSection
	GlobalSection(ProjectConfigurationPlatforms) = postSolution
		{8318CC22-7014-44C5-89D7-16050BC2F2EE}.Debug|Any CPU.ActiveCfg = Debug|Any CPU
		{8318CC22-7014-44C5-89D7-16050BC2F2EE}.Debug|Any CPU.Build.0 = Debug|Any CPU
		{8318CC22-7014-44C5-89D7-16050BC2F2EE}.Release|Any CPU.ActiveCfg = Release|Any CPU
		{8318CC22-7014-44C5-89D7-16050BC2F2EE}.Release|Any CPU.Build.0 = Release|Any CPU
		{21B2DAF6-599D-4F55-8AE6-6034396D60BC}.Debug|Any CPU.ActiveCfg = Debug|Any CPU
		{21B2DAF6-599D-4F55-8AE6-6034396D60BC}.Debug|Any CPU.Build.0 = Debug|Any CPU
		{21B2DAF6-599D-4F55-8AE6-6034396D60BC}.Release|Any CPU.ActiveCfg = Release|Any CPU
		{21B2DAF6-599D-4F55-8AE6-6034396D60BC}.Release|Any CPU.Build.0 = Release|Any CPU
	EndGlobalSection
	GlobalSection(SolutionProperties) = preSolution
		HideSolutionNode = FALSE
	EndGlobalSection
	GlobalSection(ExtensibilityGlobals) = postSolution
		SolutionGuid = {0180E684-07BB-4848-BD7C-E5EACABDBE3C}
	EndGlobalSection
EndGlobal
